
Microsoft Visual Studio Solution File, Format Version 12.00
# Visual Studio Version 17
VisualStudioVersion = 17.1.32210.238
MinimumVisualStudioVersion = 10.0.40219.1
Project("{FAE04EC0-301F-11D3-BF4B-00C04F79EFBC}") = "BaiTap5", "BaiTap5\BaiTap5.csproj", "{7C06AF93-8831-4212-832E-2ACE3FD3F9CA}"
EndProject
Global
	GlobalSection(SolutionConfigurationPlatforms) = preSolution
		Debug|Any CPU = Debug|Any CPU
		Release|Any CPU = Release|Any CPU
	EndGlobalSection
	GlobalSection(ProjectConfigurationPlatforms) = postSolution
		{7C06AF93-8831-4212-832E-2ACE3FD3F9CA}.Debug|Any CPU.ActiveCfg = Debug|Any CPU
		{7C06AF93-8831-4212-832E-2ACE3FD3F9CA}.Debug|Any CPU.Build.0 = Debug|Any CPU
		{7C06AF93-8831-4212-832E-2ACE3FD3F9CA}.Release|Any CPU.ActiveCfg = Release|Any CPU
		{7C06AF93-8831-4212-832E-2ACE3FD3F9CA}.Release|Any CPU.Build.0 = Release|Any CPU
	EndGlobalSection
	GlobalSection(SolutionProperties) = preSolution
		HideSolutionNode = FALSE
	EndGlobalSection
	GlobalSection(ExtensibilityGlobals) = postSolution
		SolutionGuid = {D9203447-7AB4-4924-A026-9EAC0A482269}
	EndGlobalSection
EndGlobal
