
Microsoft Visual Studio Solution File, Format Version 12.00
# Visual Studio Version 17
VisualStudioVersion = 17.1.32210.238
MinimumVisualStudioVersion = 10.0.40219.1
Project("{FAE04EC0-301F-11D3-BF4B-00C04F79EFBC}") = "BaiTap6_2", "BaiTap6_2\BaiTap6_2.csproj", "{C1923B0E-045E-4F8B-8E5C-479AB6424CB5}"
EndProject
Global
	GlobalSection(SolutionConfigurationPlatforms) = preSolution
		Debug|Any CPU = Debug|Any CPU
		Release|Any CPU = Release|Any CPU
	EndGlobalSection
	GlobalSection(ProjectConfigurationPlatforms) = postSolution
		{C1923B0E-045E-4F8B-8E5C-479AB6424CB5}.Debug|Any CPU.ActiveCfg = Debug|Any CPU
		{C1923B0E-045E-4F8B-8E5C-479AB6424CB5}.Debug|Any CPU.Build.0 = Debug|Any CPU
		{C1923B0E-045E-4F8B-8E5C-479AB6424CB5}.Release|Any CPU.ActiveCfg = Release|Any CPU
		{C1923B0E-045E-4F8B-8E5C-479AB6424CB5}.Release|Any CPU.Build.0 = Release|Any CPU
	EndGlobalSection
	GlobalSection(SolutionProperties) = preSolution
		HideSolutionNode = FALSE
	EndGlobalSection
	GlobalSection(ExtensibilityGlobals) = postSolution
		SolutionGuid = {11C561A3-3B17-4894-9549-8625E4EA3D22}
	EndGlobalSection
EndGlobal
